
Microsoft Visual Studio Solution File, Format Version 12.00
# Visual Studio Version 16
VisualStudioVersion = 16.0.32106.194
MinimumVisualStudioVersion = 10.0.40219.1
Project("{FAE04EC0-301F-11D3-BF4B-00C04F79EFBC}") = "LoopsAndRandomNumbers", "LoopsAndRandomNumbers\LoopsAndRandomNumbers.csproj", "{92DA3327-B9A3-45EE-B848-47912793D1F6}"
EndProject
Project("{FAE04EC0-301F-11D3-BF4B-00C04F79EFBC}") = "PINInfiniteLoop", "PINInfiniteLoop\PINInfiniteLoop.csproj", "{8796E3B7-7316-474B-94FC-4E2F8BC37304}"
EndProject
Project("{FAE04EC0-301F-11D3-BF4B-00C04F79EFBC}") = "RandomNumber", "RandomNumber\RandomNumber.csproj", "{DFB5136F-4F90-44DB-ADF4-EE2A31920E9D}"
EndProject
Project("{FAE04EC0-301F-11D3-BF4B-00C04F79EFBC}") = "GuessingGameInfinite", "GuessingGameInfinite\GuessingGameInfinite.csproj", "{9BF7FAF1-1BB9-44A0-99DD-17C00B2A7620}"
EndProject
Project("{FAE04EC0-301F-11D3-BF4B-00C04F79EFBC}") = "GuessingGameThreeTries", "GuessingGameThreeTries\GuessingGameThreeTries.csproj", "{28BD360E-005E-4A53-BA52-8FBCE34FA996}"
EndProject
Global
	GlobalSection(SolutionConfigurationPlatforms) = preSolution
		Debug|Any CPU = Debug|Any CPU
		Release|Any CPU = Release|Any CPU
	EndGlobalSection
	GlobalSection(ProjectConfigurationPlatforms) = postSolution
		{92DA3327-B9A3-45EE-B848-47912793D1F6}.Debug|Any CPU.ActiveCfg = Debug|Any CPU
		{92DA3327-B9A3-45EE-B848-47912793D1F6}.Debug|Any CPU.Build.0 = Debug|Any CPU
		{92DA3327-B9A3-45EE-B848-47912793D1F6}.Release|Any CPU.ActiveCfg = Release|Any CPU
		{92DA3327-B9A3-45EE-B848-47912793D1F6}.Release|Any CPU.Build.0 = Release|Any CPU
		{8796E3B7-7316-474B-94FC-4E2F8BC37304}.Debug|Any CPU.ActiveCfg = Debug|Any CPU
		{8796E3B7-7316-474B-94FC-4E2F8BC37304}.Debug|Any CPU.Build.0 = Debug|Any CPU
		{8796E3B7-7316-474B-94FC-4E2F8BC37304}.Release|Any CPU.ActiveCfg = Release|Any CPU
		{8796E3B7-7316-474B-94FC-4E2F8BC37304}.Release|Any CPU.Build.0 = Release|Any CPU
		{DFB5136F-4F90-44DB-ADF4-EE2A31920E9D}.Debug|Any CPU.ActiveCfg = Debug|Any CPU
		{DFB5136F-4F90-44DB-ADF4-EE2A31920E9D}.Debug|Any CPU.Build.0 = Debug|Any CPU
		{DFB5136F-4F90-44DB-ADF4-EE2A31920E9D}.Release|Any CPU.ActiveCfg = Release|Any CPU
		{DFB5136F-4F90-44DB-ADF4-EE2A31920E9D}.Release|Any CPU.Build.0 = Release|Any CPU
		{9BF7FAF1-1BB9-44A0-99DD-17C00B2A7620}.Debug|Any CPU.ActiveCfg = Debug|Any CPU
		{9BF7FAF1-1BB9-44A0-99DD-17C00B2A7620}.Debug|Any CPU.Build.0 = Debug|Any CPU
		{9BF7FAF1-1BB9-44A0-99DD-17C00B2A7620}.Release|Any CPU.ActiveCfg = Release|Any CPU
		{9BF7FAF1-1BB9-44A0-99DD-17C00B2A7620}.Release|Any CPU.Build.0 = Release|Any CPU
		{28BD360E-005E-4A53-BA52-8FBCE34FA996}.Debug|Any CPU.ActiveCfg = Debug|Any CPU
		{28BD360E-005E-4A53-BA52-8FBCE34FA996}.Debug|Any CPU.Build.0 = Debug|Any CPU
		{28BD360E-005E-4A53-BA52-8FBCE34FA996}.Release|Any CPU.ActiveCfg = Release|Any CPU
		{28BD360E-005E-4A53-BA52-8FBCE34FA996}.Release|Any CPU.Build.0 = Release|Any CPU
	EndGlobalSection
	GlobalSection(SolutionProperties) = preSolution
		HideSolutionNode = FALSE
	EndGlobalSection
	GlobalSection(ExtensibilityGlobals) = postSolution
		SolutionGuid = {AA369D99-4098-4EA1-A62A-B51F9F4CDFC1}
	EndGlobalSection
EndGlobal
